
Microsoft Visual Studio Solution File, Format Version 12.00
# Visual Studio Version 17
VisualStudioVersion = 17.1.32228.430
MinimumVisualStudioVersion = 10.0.40219.1
Project("{8BC9CEB8-8B4A-11D0-8D11-00A0C91BC942}") = "AlephOne", "AlephOne\AlephOne.vcxproj", "{9AF0CA66-A621-4FE5-B986-F0CAB7647C24}"
EndProject
Project("{8BC9CEB8-8B4A-11D0-8D11-00A0C91BC942}") = "LibAlephOne", "LibAlephOne\LibAlephOne.vcxproj", "{D1A548FF-F15F-43CA-8891-F4B367122282}"
EndProject
Project("{8BC9CEB8-8B4A-11D0-8D11-00A0C91BC942}") = "Lua", "Lua\Lua.vcxproj", "{272161CB-F5DF-4F91-9C2F-D08E23FF1FDC}"
EndProject
Project("{8BC9CEB8-8B4A-11D0-8D11-00A0C91BC942}") = "Tests", "Tests\Tests.vcxproj", "{7FA2F95C-F6E9-4A89-BBD2-AF1D5B09B0B2}"
EndProject
Project("{8BC9CEB8-8B4A-11D0-8D11-00A0C91BC942}") = "AlephX", "AlephX\AlephX.vcxproj", "{2EE9DEAE-69A5-4E12-B258-C56E9CE66F97}"
EndProject
Global
	GlobalSection(SolutionConfigurationPlatforms) = preSolution
		Debug|ARM = Debug|ARM
		Debug|ARM64 = Debug|ARM64
		Debug|x64 = Debug|x64
		Debug|x86 = Debug|x86
		Marathon 2|ARM = Marathon 2|ARM
		Marathon 2|ARM64 = Marathon 2|ARM64
		Marathon 2|x64 = Marathon 2|x64
		Marathon 2|x86 = Marathon 2|x86
		Marathon Infinity|ARM = Marathon Infinity|ARM
		Marathon Infinity|ARM64 = Marathon Infinity|ARM64
		Marathon Infinity|x64 = Marathon Infinity|x64
		Marathon Infinity|x86 = Marathon Infinity|x86
		Marathon|ARM = Marathon|ARM
		Marathon|ARM64 = Marathon|ARM64
		Marathon|x64 = Marathon|x64
		Marathon|x86 = Marathon|x86
		Release|ARM = Release|ARM
		Release|ARM64 = Release|ARM64
		Release|x64 = Release|x64
		Release|x86 = Release|x86
	EndGlobalSection
	GlobalSection(ProjectConfigurationPlatforms) = postSolution
		{9AF0CA66-A621-4FE5-B986-F0CAB7647C24}.Debug|ARM.ActiveCfg = Debug|x64
		{9AF0CA66-A621-4FE5-B986-F0CAB7647C24}.Debug|ARM.Build.0 = Debug|x64
		{9AF0CA66-A621-4FE5-B986-F0CAB7647C24}.Debug|ARM64.ActiveCfg = Debug|x64
		{9AF0CA66-A621-4FE5-B986-F0CAB7647C24}.Debug|ARM64.Build.0 = Debug|x64
		{9AF0CA66-A621-4FE5-B986-F0CAB7647C24}.Debug|x64.ActiveCfg = Debug|x64
		{9AF0CA66-A621-4FE5-B986-F0CAB7647C24}.Debug|x64.Build.0 = Debug|x64
		{9AF0CA66-A621-4FE5-B986-F0CAB7647C24}.Debug|x86.ActiveCfg = Debug|Win32
		{9AF0CA66-A621-4FE5-B986-F0CAB7647C24}.Debug|x86.Build.0 = Debug|Win32
		{9AF0CA66-A621-4FE5-B986-F0CAB7647C24}.Marathon 2|ARM.ActiveCfg = Marathon 2|x64
		{9AF0CA66-A621-4FE5-B986-F0CAB7647C24}.Marathon 2|ARM.Build.0 = Marathon 2|x64
		{9AF0CA66-A621-4FE5-B986-F0CAB7647C24}.Marathon 2|ARM64.ActiveCfg = Marathon 2|x64
		{9AF0CA66-A621-4FE5-B986-F0CAB7647C24}.Marathon 2|ARM64.Build.0 = Marathon 2|x64
		{9AF0CA66-A621-4FE5-B986-F0CAB7647C24}.Marathon 2|x64.ActiveCfg = Marathon 2|x64
		{9AF0CA66-A621-4FE5-B986-F0CAB7647C24}.Marathon 2|x64.Build.0 = Marathon 2|x64
		{9AF0CA66-A621-4FE5-B986-F0CAB7647C24}.Marathon 2|x86.ActiveCfg = Marathon 2|Win32
		{9AF0CA66-A621-4FE5-B986-F0CAB7647C24}.Marathon 2|x86.Build.0 = Marathon 2|Win32
		{9AF0CA66-A621-4FE5-B986-F0CAB7647C24}.Marathon Infinity|ARM.ActiveCfg = Marathon Infinity|x64
		{9AF0CA66-A621-4FE5-B986-F0CAB7647C24}.Marathon Infinity|ARM.Build.0 = Marathon Infinity|x64
		{9AF0CA66-A621-4FE5-B986-F0CAB7647C24}.Marathon Infinity|ARM64.ActiveCfg = Marathon Infinity|x64
		{9AF0CA66-A621-4FE5-B986-F0CAB7647C24}.Marathon Infinity|ARM64.Build.0 = Marathon Infinity|x64
		{9AF0CA66-A621-4FE5-B986-F0CAB7647C24}.Marathon Infinity|x64.ActiveCfg = Marathon Infinity|x64
		{9AF0CA66-A621-4FE5-B986-F0CAB7647C24}.Marathon Infinity|x64.Build.0 = Marathon Infinity|x64
		{9AF0CA66-A621-4FE5-B986-F0CAB7647C24}.Marathon Infinity|x86.ActiveCfg = Marathon Infinity|Win32
		{9AF0CA66-A621-4FE5-B986-F0CAB7647C24}.Marathon Infinity|x86.Build.0 = Marathon Infinity|Win32
		{9AF0CA66-A621-4FE5-B986-F0CAB7647C24}.Marathon|ARM.ActiveCfg = Marathon|x64
		{9AF0CA66-A621-4FE5-B986-F0CAB7647C24}.Marathon|ARM.Build.0 = Marathon|x64
		{9AF0CA66-A621-4FE5-B986-F0CAB7647C24}.Marathon|ARM64.ActiveCfg = Marathon|x64
		{9AF0CA66-A621-4FE5-B986-F0CAB7647C24}.Marathon|ARM64.Build.0 = Marathon|x64
		{9AF0CA66-A621-4FE5-B986-F0CAB7647C24}.Marathon|x64.ActiveCfg = Marathon|x64
		{9AF0CA66-A621-4FE5-B986-F0CAB7647C24}.Marathon|x64.Build.0 = Marathon|x64
		{9AF0CA66-A621-4FE5-B986-F0CAB7647C24}.Marathon|x86.ActiveCfg = Marathon|Win32
		{9AF0CA66-A621-4FE5-B986-F0CAB7647C24}.Marathon|x86.Build.0 = Marathon|Win32
		{9AF0CA66-A621-4FE5-B986-F0CAB7647C24}.Release|ARM.ActiveCfg = Release|x64
		{9AF0CA66-A621-4FE5-B986-F0CAB7647C24}.Release|ARM.Build.0 = Release|x64
		{9AF0CA66-A621-4FE5-B986-F0CAB7647C24}.Release|ARM64.ActiveCfg = Release|x64
		{9AF0CA66-A621-4FE5-B986-F0CAB7647C24}.Release|ARM64.Build.0 = Release|x64
		{9AF0CA66-A621-4FE5-B986-F0CAB7647C24}.Release|x64.ActiveCfg = Release|x64
		{9AF0CA66-A621-4FE5-B986-F0CAB7647C24}.Release|x64.Build.0 = Release|x64
		{9AF0CA66-A621-4FE5-B986-F0CAB7647C24}.Release|x86.ActiveCfg = Release|Win32
		{9AF0CA66-A621-4FE5-B986-F0CAB7647C24}.Release|x86.Build.0 = Release|Win32
		{D1A548FF-F15F-43CA-8891-F4B367122282}.Debug|ARM.ActiveCfg = Debug|x64
		{D1A548FF-F15F-43CA-8891-F4B367122282}.Debug|ARM.Build.0 = Debug|x64
		{D1A548FF-F15F-43CA-8891-F4B367122282}.Debug|ARM64.ActiveCfg = Debug|x64
		{D1A548FF-F15F-43CA-8891-F4B367122282}.Debug|ARM64.Build.0 = Debug|x64
		{D1A548FF-F15F-43CA-8891-F4B367122282}.Debug|x64.ActiveCfg = Debug|x64
		{D1A548FF-F15F-43CA-8891-F4B367122282}.Debug|x64.Build.0 = Debug|x64
		{D1A548FF-F15F-43CA-8891-F4B367122282}.Debug|x86.ActiveCfg = Debug|Win32
		{D1A548FF-F15F-43CA-8891-F4B367122282}.Debug|x86.Build.0 = Debug|Win32
		{D1A548FF-F15F-43CA-8891-F4B367122282}.Marathon 2|ARM.ActiveCfg = Release|x64
		{D1A548FF-F15F-43CA-8891-F4B367122282}.Marathon 2|ARM.Build.0 = Release|x64
		{D1A548FF-F15F-43CA-8891-F4B367122282}.Marathon 2|ARM64.ActiveCfg = Release|x64
		{D1A548FF-F15F-43CA-8891-F4B367122282}.Marathon 2|ARM64.Build.0 = Release|x64
		{D1A548FF-F15F-43CA-8891-F4B367122282}.Marathon 2|x64.ActiveCfg = Release|x64
		{D1A548FF-F15F-43CA-8891-F4B367122282}.Marathon 2|x64.Build.0 = Release|x64
		{D1A548FF-F15F-43CA-8891-F4B367122282}.Marathon 2|x86.ActiveCfg = Release|Win32
		{D1A548FF-F15F-43CA-8891-F4B367122282}.Marathon 2|x86.Build.0 = Release|Win32
		{D1A548FF-F15F-43CA-8891-F4B367122282}.Marathon Infinity|ARM.ActiveCfg = Release|x64
		{D1A548FF-F15F-43CA-8891-F4B367122282}.Marathon Infinity|ARM.Build.0 = Release|x64
		{D1A548FF-F15F-43CA-8891-F4B367122282}.Marathon Infinity|ARM64.ActiveCfg = Release|x64
		{D1A548FF-F15F-43CA-8891-F4B367122282}.Marathon Infinity|ARM64.Build.0 = Release|x64
		{D1A548FF-F15F-43CA-8891-F4B367122282}.Marathon Infinity|x64.ActiveCfg = Release|x64
		{D1A548FF-F15F-43CA-8891-F4B367122282}.Marathon Infinity|x64.Build.0 = Release|x64
		{D1A548FF-F15F-43CA-8891-F4B367122282}.Marathon Infinity|x86.ActiveCfg = Release|Win32
		{D1A548FF-F15F-43CA-8891-F4B367122282}.Marathon Infinity|x86.Build.0 = Release|Win32
		{D1A548FF-F15F-43CA-8891-F4B367122282}.Marathon|ARM.ActiveCfg = Release|x64
		{D1A548FF-F15F-43CA-8891-F4B367122282}.Marathon|ARM.Build.0 = Release|x64
		{D1A548FF-F15F-43CA-8891-F4B367122282}.Marathon|ARM64.ActiveCfg = Release|x64
		{D1A548FF-F15F-43CA-8891-F4B367122282}.Marathon|ARM64.Build.0 = Release|x64
		{D1A548FF-F15F-43CA-8891-F4B367122282}.Marathon|x64.ActiveCfg = Release|x64
		{D1A548FF-F15F-43CA-8891-F4B367122282}.Marathon|x64.Build.0 = Release|x64
		{D1A548FF-F15F-43CA-8891-F4B367122282}.Marathon|x86.ActiveCfg = Release|Win32
		{D1A548FF-F15F-43CA-8891-F4B367122282}.Marathon|x86.Build.0 = Release|Win32
		{D1A548FF-F15F-43CA-8891-F4B367122282}.Release|ARM.ActiveCfg = Release|x64
		{D1A548FF-F15F-43CA-8891-F4B367122282}.Release|ARM.Build.0 = Release|x64
		{D1A548FF-F15F-43CA-8891-F4B367122282}.Release|ARM64.ActiveCfg = Release|x64
		{D1A548FF-F15F-43CA-8891-F4B367122282}.Release|ARM64.Build.0 = Release|x64
		{D1A548FF-F15F-43CA-8891-F4B367122282}.Release|x64.ActiveCfg = Release|x64
		{D1A548FF-F15F-43CA-8891-F4B367122282}.Release|x64.Build.0 = Release|x64
		{D1A548FF-F15F-43CA-8891-F4B367122282}.Release|x86.ActiveCfg = Release|Win32
		{D1A548FF-F15F-43CA-8891-F4B367122282}.Release|x86.Build.0 = Release|Win32
		{272161CB-F5DF-4F91-9C2F-D08E23FF1FDC}.Debug|ARM.ActiveCfg = Debug|x64
		{272161CB-F5DF-4F91-9C2F-D08E23FF1FDC}.Debug|ARM.Build.0 = Debug|x64
		{272161CB-F5DF-4F91-9C2F-D08E23FF1FDC}.Debug|ARM64.ActiveCfg = Debug|x64
		{272161CB-F5DF-4F91-9C2F-D08E23FF1FDC}.Debug|ARM64.Build.0 = Debug|x64
		{272161CB-F5DF-4F91-9C2F-D08E23FF1FDC}.Debug|x64.ActiveCfg = Debug|x64
		{272161CB-F5DF-4F91-9C2F-D08E23FF1FDC}.Debug|x64.Build.0 = Debug|x64
		{272161CB-F5DF-4F91-9C2F-D08E23FF1FDC}.Debug|x86.ActiveCfg = Debug|Win32
		{272161CB-F5DF-4F91-9C2F-D08E23FF1FDC}.Debug|x86.Build.0 = Debug|Win32
		{272161CB-F5DF-4F91-9C2F-D08E23FF1FDC}.Marathon 2|ARM.ActiveCfg = Release|x64
		{272161CB-F5DF-4F91-9C2F-D08E23FF1FDC}.Marathon 2|ARM.Build.0 = Release|x64
		{272161CB-F5DF-4F91-9C2F-D08E23FF1FDC}.Marathon 2|ARM64.ActiveCfg = Release|x64
		{272161CB-F5DF-4F91-9C2F-D08E23FF1FDC}.Marathon 2|ARM64.Build.0 = Release|x64
		{272161CB-F5DF-4F91-9C2F-D08E23FF1FDC}.Marathon 2|x64.ActiveCfg = Release|x64
		{272161CB-F5DF-4F91-9C2F-D08E23FF1FDC}.Marathon 2|x64.Build.0 = Release|x64
		{272161CB-F5DF-4F91-9C2F-D08E23FF1FDC}.Marathon 2|x86.ActiveCfg = Release|Win32
		{272161CB-F5DF-4F91-9C2F-D08E23FF1FDC}.Marathon 2|x86.Build.0 = Release|Win32
		{272161CB-F5DF-4F91-9C2F-D08E23FF1FDC}.Marathon Infinity|ARM.ActiveCfg = Release|x64
		{272161CB-F5DF-4F91-9C2F-D08E23FF1FDC}.Marathon Infinity|ARM.Build.0 = Release|x64
		{272161CB-F5DF-4F91-9C2F-D08E23FF1FDC}.Marathon Infinity|ARM64.ActiveCfg = Release|x64
		{272161CB-F5DF-4F91-9C2F-D08E23FF1FDC}.Marathon Infinity|ARM64.Build.0 = Release|x64
		{272161CB-F5DF-4F91-9C2F-D08E23FF1FDC}.Marathon Infinity|x64.ActiveCfg = Release|x64
		{272161CB-F5DF-4F91-9C2F-D08E23FF1FDC}.Marathon Infinity|x64.Build.0 = Release|x64
		{272161CB-F5DF-4F91-9C2F-D08E23FF1FDC}.Marathon Infinity|x86.ActiveCfg = Release|Win32
		{272161CB-F5DF-4F91-9C2F-D08E23FF1FDC}.Marathon Infinity|x86.Build.0 = Release|Win32
		{272161CB-F5DF-4F91-9C2F-D08E23FF1FDC}.Marathon|ARM.ActiveCfg = Release|x64
		{272161CB-F5DF-4F91-9C2F-D08E23FF1FDC}.Marathon|ARM.Build.0 = Release|x64
		{272161CB-F5DF-4F91-9C2F-D08E23FF1FDC}.Marathon|ARM64.ActiveCfg = Release|x64
		{272161CB-F5DF-4F91-9C2F-D08E23FF1FDC}.Marathon|ARM64.Build.0 = Release|x64
		{272161CB-F5DF-4F91-9C2F-D08E23FF1FDC}.Marathon|x64.ActiveCfg = Release|x64
		{272161CB-F5DF-4F91-9C2F-D08E23FF1FDC}.Marathon|x64.Build.0 = Release|x64
		{272161CB-F5DF-4F91-9C2F-D08E23FF1FDC}.Marathon|x86.ActiveCfg = Release|Win32
		{272161CB-F5DF-4F91-9C2F-D08E23FF1FDC}.Marathon|x86.Build.0 = Release|Win32
		{272161CB-F5DF-4F91-9C2F-D08E23FF1FDC}.Release|ARM.ActiveCfg = Release|x64
		{272161CB-F5DF-4F91-9C2F-D08E23FF1FDC}.Release|ARM.Build.0 = Release|x64
		{272161CB-F5DF-4F91-9C2F-D08E23FF1FDC}.Release|ARM64.ActiveCfg = Release|x64
		{272161CB-F5DF-4F91-9C2F-D08E23FF1FDC}.Release|ARM64.Build.0 = Release|x64
		{272161CB-F5DF-4F91-9C2F-D08E23FF1FDC}.Release|x64.ActiveCfg = Release|x64
		{272161CB-F5DF-4F91-9C2F-D08E23FF1FDC}.Release|x64.Build.0 = Release|x64
		{272161CB-F5DF-4F91-9C2F-D08E23FF1FDC}.Release|x86.ActiveCfg = Release|Win32
		{272161CB-F5DF-4F91-9C2F-D08E23FF1FDC}.Release|x86.Build.0 = Release|Win32
		{7FA2F95C-F6E9-4A89-BBD2-AF1D5B09B0B2}.Debug|ARM.ActiveCfg = Debug|x64
		{7FA2F95C-F6E9-4A89-BBD2-AF1D5B09B0B2}.Debug|ARM.Build.0 = Debug|x64
		{7FA2F95C-F6E9-4A89-BBD2-AF1D5B09B0B2}.Debug|ARM64.ActiveCfg = Debug|x64
		{7FA2F95C-F6E9-4A89-BBD2-AF1D5B09B0B2}.Debug|ARM64.Build.0 = Debug|x64
		{7FA2F95C-F6E9-4A89-BBD2-AF1D5B09B0B2}.Debug|x64.ActiveCfg = Debug|x64
		{7FA2F95C-F6E9-4A89-BBD2-AF1D5B09B0B2}.Debug|x64.Build.0 = Debug|x64
		{7FA2F95C-F6E9-4A89-BBD2-AF1D5B09B0B2}.Debug|x86.ActiveCfg = Debug|Win32
		{7FA2F95C-F6E9-4A89-BBD2-AF1D5B09B0B2}.Debug|x86.Build.0 = Debug|Win32
		{7FA2F95C-F6E9-4A89-BBD2-AF1D5B09B0B2}.Marathon 2|ARM.ActiveCfg = Release|x64
		{7FA2F95C-F6E9-4A89-BBD2-AF1D5B09B0B2}.Marathon 2|ARM.Build.0 = Release|x64
		{7FA2F95C-F6E9-4A89-BBD2-AF1D5B09B0B2}.Marathon 2|ARM64.ActiveCfg = Release|x64
		{7FA2F95C-F6E9-4A89-BBD2-AF1D5B09B0B2}.Marathon 2|ARM64.Build.0 = Release|x64
		{7FA2F95C-F6E9-4A89-BBD2-AF1D5B09B0B2}.Marathon 2|x64.ActiveCfg = Release|x64
		{7FA2F95C-F6E9-4A89-BBD2-AF1D5B09B0B2}.Marathon 2|x64.Build.0 = Release|x64
		{7FA2F95C-F6E9-4A89-BBD2-AF1D5B09B0B2}.Marathon 2|x86.ActiveCfg = Release|Win32
		{7FA2F95C-F6E9-4A89-BBD2-AF1D5B09B0B2}.Marathon 2|x86.Build.0 = Release|Win32
		{7FA2F95C-F6E9-4A89-BBD2-AF1D5B09B0B2}.Marathon Infinity|ARM.ActiveCfg = Release|x64
		{7FA2F95C-F6E9-4A89-BBD2-AF1D5B09B0B2}.Marathon Infinity|ARM.Build.0 = Release|x64
		{7FA2F95C-F6E9-4A89-BBD2-AF1D5B09B0B2}.Marathon Infinity|ARM64.ActiveCfg = Release|x64
		{7FA2F95C-F6E9-4A89-BBD2-AF1D5B09B0B2}.Marathon Infinity|ARM64.Build.0 = Release|x64
		{7FA2F95C-F6E9-4A89-BBD2-AF1D5B09B0B2}.Marathon Infinity|x64.ActiveCfg = Release|x64
		{7FA2F95C-F6E9-4A89-BBD2-AF1D5B09B0B2}.Marathon Infinity|x64.Build.0 = Release|x64
		{7FA2F95C-F6E9-4A89-BBD2-AF1D5B09B0B2}.Marathon Infinity|x86.ActiveCfg = Release|Win32
		{7FA2F95C-F6E9-4A89-BBD2-AF1D5B09B0B2}.Marathon Infinity|x86.Build.0 = Release|Win32
		{7FA2F95C-F6E9-4A89-BBD2-AF1D5B09B0B2}.Marathon|ARM.ActiveCfg = Release|x64
		{7FA2F95C-F6E9-4A89-BBD2-AF1D5B09B0B2}.Marathon|ARM.Build.0 = Release|x64
		{7FA2F95C-F6E9-4A89-BBD2-AF1D5B09B0B2}.Marathon|ARM64.ActiveCfg = Release|x64
		{7FA2F95C-F6E9-4A89-BBD2-AF1D5B09B0B2}.Marathon|ARM64.Build.0 = Release|x64
		{7FA2F95C-F6E9-4A89-BBD2-AF1D5B09B0B2}.Marathon|x64.ActiveCfg = Release|x64
		{7FA2F95C-F6E9-4A89-BBD2-AF1D5B09B0B2}.Marathon|x64.Build.0 = Release|x64
		{7FA2F95C-F6E9-4A89-BBD2-AF1D5B09B0B2}.Marathon|x86.ActiveCfg = Release|Win32
		{7FA2F95C-F6E9-4A89-BBD2-AF1D5B09B0B2}.Marathon|x86.Build.0 = Release|Win32
		{7FA2F95C-F6E9-4A89-BBD2-AF1D5B09B0B2}.Release|ARM.ActiveCfg = Release|x64
		{7FA2F95C-F6E9-4A89-BBD2-AF1D5B09B0B2}.Release|ARM.Build.0 = Release|x64
		{7FA2F95C-F6E9-4A89-BBD2-AF1D5B09B0B2}.Release|ARM64.ActiveCfg = Release|x64
		{7FA2F95C-F6E9-4A89-BBD2-AF1D5B09B0B2}.Release|ARM64.Build.0 = Release|x64
		{7FA2F95C-F6E9-4A89-BBD2-AF1D5B09B0B2}.Release|x64.ActiveCfg = Release|x64
		{7FA2F95C-F6E9-4A89-BBD2-AF1D5B09B0B2}.Release|x64.Build.0 = Release|x64
		{7FA2F95C-F6E9-4A89-BBD2-AF1D5B09B0B2}.Release|x86.ActiveCfg = Release|Win32
		{7FA2F95C-F6E9-4A89-BBD2-AF1D5B09B0B2}.Release|x86.Build.0 = Release|Win32
		{2EE9DEAE-69A5-4E12-B258-C56E9CE66F97}.Debug|ARM.ActiveCfg = Debug|ARM
		{2EE9DEAE-69A5-4E12-B258-C56E9CE66F97}.Debug|ARM.Build.0 = Debug|ARM
		{2EE9DEAE-69A5-4E12-B258-C56E9CE66F97}.Debug|ARM.Deploy.0 = Debug|ARM
		{2EE9DEAE-69A5-4E12-B258-C56E9CE66F97}.Debug|ARM64.ActiveCfg = Debug|ARM64
		{2EE9DEAE-69A5-4E12-B258-C56E9CE66F97}.Debug|ARM64.Build.0 = Debug|ARM64
		{2EE9DEAE-69A5-4E12-B258-C56E9CE66F97}.Debug|ARM64.Deploy.0 = Debug|ARM64
		{2EE9DEAE-69A5-4E12-B258-C56E9CE66F97}.Debug|x64.ActiveCfg = Debug|x64
		{2EE9DEAE-69A5-4E12-B258-C56E9CE66F97}.Debug|x64.Build.0 = Debug|x64
		{2EE9DEAE-69A5-4E12-B258-C56E9CE66F97}.Debug|x64.Deploy.0 = Debug|x64
		{2EE9DEAE-69A5-4E12-B258-C56E9CE66F97}.Debug|x86.ActiveCfg = Debug|Win32
		{2EE9DEAE-69A5-4E12-B258-C56E9CE66F97}.Debug|x86.Build.0 = Debug|Win32
		{2EE9DEAE-69A5-4E12-B258-C56E9CE66F97}.Debug|x86.Deploy.0 = Debug|Win32
		{2EE9DEAE-69A5-4E12-B258-C56E9CE66F97}.Marathon 2|ARM.ActiveCfg = Debug|ARM
		{2EE9DEAE-69A5-4E12-B258-C56E9CE66F97}.Marathon 2|ARM.Build.0 = Debug|ARM
		{2EE9DEAE-69A5-4E12-B258-C56E9CE66F97}.Marathon 2|ARM.Deploy.0 = Debug|ARM
		{2EE9DEAE-69A5-4E12-B258-C56E9CE66F97}.Marathon 2|ARM64.ActiveCfg = Debug|ARM64
		{2EE9DEAE-69A5-4E12-B258-C56E9CE66F97}.Marathon 2|ARM64.Build.0 = Debug|ARM64
		{2EE9DEAE-69A5-4E12-B258-C56E9CE66F97}.Marathon 2|ARM64.Deploy.0 = Debug|ARM64
		{2EE9DEAE-69A5-4E12-B258-C56E9CE66F97}.Marathon 2|x64.ActiveCfg = Debug|x64
		{2EE9DEAE-69A5-4E12-B258-C56E9CE66F97}.Marathon 2|x64.Build.0 = Debug|x64
		{2EE9DEAE-69A5-4E12-B258-C56E9CE66F97}.Marathon 2|x64.Deploy.0 = Debug|x64
		{2EE9DEAE-69A5-4E12-B258-C56E9CE66F97}.Marathon 2|x86.ActiveCfg = Debug|Win32
		{2EE9DEAE-69A5-4E12-B258-C56E9CE66F97}.Marathon 2|x86.Build.0 = Debug|Win32
		{2EE9DEAE-69A5-4E12-B258-C56E9CE66F97}.Marathon 2|x86.Deploy.0 = Debug|Win32
		{2EE9DEAE-69A5-4E12-B258-C56E9CE66F97}.Marathon Infinity|ARM.ActiveCfg = Debug|ARM
		{2EE9DEAE-69A5-4E12-B258-C56E9CE66F97}.Marathon Infinity|ARM.Build.0 = Debug|ARM
		{2EE9DEAE-69A5-4E12-B258-C56E9CE66F97}.Marathon Infinity|ARM.Deploy.0 = Debug|ARM
		{2EE9DEAE-69A5-4E12-B258-C56E9CE66F97}.Marathon Infinity|ARM64.ActiveCfg = Debug|ARM64
		{2EE9DEAE-69A5-4E12-B258-C56E9CE66F97}.Marathon Infinity|ARM64.Build.0 = Debug|ARM64
		{2EE9DEAE-69A5-4E12-B258-C56E9CE66F97}.Marathon Infinity|ARM64.Deploy.0 = Debug|ARM64
		{2EE9DEAE-69A5-4E12-B258-C56E9CE66F97}.Marathon Infinity|x64.ActiveCfg = Debug|x64
		{2EE9DEAE-69A5-4E12-B258-C56E9CE66F97}.Marathon Infinity|x64.Build.0 = Debug|x64
		{2EE9DEAE-69A5-4E12-B258-C56E9CE66F97}.Marathon Infinity|x64.Deploy.0 = Debug|x64
		{2EE9DEAE-69A5-4E12-B258-C56E9CE66F97}.Marathon Infinity|x86.ActiveCfg = Debug|Win32
		{2EE9DEAE-69A5-4E12-B258-C56E9CE66F97}.Marathon Infinity|x86.Build.0 = Debug|Win32
		{2EE9DEAE-69A5-4E12-B258-C56E9CE66F97}.Marathon Infinity|x86.Deploy.0 = Debug|Win32
		{2EE9DEAE-69A5-4E12-B258-C56E9CE66F97}.Marathon|ARM.ActiveCfg = Debug|ARM
		{2EE9DEAE-69A5-4E12-B258-C56E9CE66F97}.Marathon|ARM.Build.0 = Debug|ARM
		{2EE9DEAE-69A5-4E12-B258-C56E9CE66F97}.Marathon|ARM.Deploy.0 = Debug|ARM
		{2EE9DEAE-69A5-4E12-B258-C56E9CE66F97}.Marathon|ARM64.ActiveCfg = Debug|ARM64
		{2EE9DEAE-69A5-4E12-B258-C56E9CE66F97}.Marathon|ARM64.Build.0 = Debug|ARM64
		{2EE9DEAE-69A5-4E12-B258-C56E9CE66F97}.Marathon|ARM64.Deploy.0 = Debug|ARM64
		{2EE9DEAE-69A5-4E12-B258-C56E9CE66F97}.Marathon|x64.ActiveCfg = Debug|x64
		{2EE9DEAE-69A5-4E12-B258-C56E9CE66F97}.Marathon|x64.Build.0 = Debug|x64
		{2EE9DEAE-69A5-4E12-B258-C56E9CE66F97}.Marathon|x64.Deploy.0 = Debug|x64
		{2EE9DEAE-69A5-4E12-B258-C56E9CE66F97}.Marathon|x86.ActiveCfg = Debug|Win32
		{2EE9DEAE-69A5-4E12-B258-C56E9CE66F97}.Marathon|x86.Build.0 = Debug|Win32
		{2EE9DEAE-69A5-4E12-B258-C56E9CE66F97}.Marathon|x86.Deploy.0 = Debug|Win32
		{2EE9DEAE-69A5-4E12-B258-C56E9CE66F97}.Release|ARM.ActiveCfg = Release|ARM
		{2EE9DEAE-69A5-4E12-B258-C56E9CE66F97}.Release|ARM.Build.0 = Release|ARM
		{2EE9DEAE-69A5-4E12-B258-C56E9CE66F97}.Release|ARM.Deploy.0 = Release|ARM
		{2EE9DEAE-69A5-4E12-B258-C56E9CE66F97}.Release|ARM64.ActiveCfg = Release|ARM64
		{2EE9DEAE-69A5-4E12-B258-C56E9CE66F97}.Release|ARM64.Build.0 = Release|ARM64
		{2EE9DEAE-69A5-4E12-B258-C56E9CE66F97}.Release|ARM64.Deploy.0 = Release|ARM64
		{2EE9DEAE-69A5-4E12-B258-C56E9CE66F97}.Release|x64.ActiveCfg = Release|x64
		{2EE9DEAE-69A5-4E12-B258-C56E9CE66F97}.Release|x64.Build.0 = Release|x64
		{2EE9DEAE-69A5-4E12-B258-C56E9CE66F97}.Release|x64.Deploy.0 = Release|x64
		{2EE9DEAE-69A5-4E12-B258-C56E9CE66F97}.Release|x86.ActiveCfg = Release|Win32
		{2EE9DEAE-69A5-4E12-B258-C56E9CE66F97}.Release|x86.Build.0 = Release|Win32
		{2EE9DEAE-69A5-4E12-B258-C56E9CE66F97}.Release|x86.Deploy.0 = Release|Win32
	EndGlobalSection
	GlobalSection(SolutionProperties) = preSolution
		HideSolutionNode = FALSE
	EndGlobalSection
	GlobalSection(ExtensibilityGlobals) = postSolution
		SolutionGuid = {E86D277F-E3B3-4D8D-AF69-A0410609F358}
	EndGlobalSection
EndGlobal
